// !$*UTF8*$!
{
	archiveVersion = 1;
	classes = {
	};
	objectVersion = 46;
	objects = {

/* Begin PBXBuildFile section */
		F19940DD1F201C7C009B64FE /* Task.swift in Sources */ = {isa = PBXBuildFile; fileRef = F19940DC1F201C7C009B64FE /* Task.swift */; };
		F1EE24EE1F1EE35F00AE457D /* AppDelegate.swift in Sources */ = {isa = PBXBuildFile; fileRef = F1EE24ED1F1EE35F00AE457D /* AppDelegate.swift */; };
		F1EE24F01F1EE35F00AE457D /* ViewController.swift in Sources */ = {isa = PBXBuildFile; fileRef = F1EE24EF1F1EE35F00AE457D /* ViewController.swift */; };
		F1EE24F31F1EE35F00AE457D /* Main.storyboard in Resources */ = {isa = PBXBuildFile; fileRef = F1EE24F11F1EE35F00AE457D /* Main.storyboard */; };
		F1EE24F61F1EE35F00AE457D /* DoIt.xcdatamodeld in Sources */ = {isa = PBXBuildFile; fileRef = F1EE24F41F1EE35F00AE457D /* DoIt.xcdatamodeld */; };
		F1EE24F81F1EE35F00AE457D /* Assets.xcassets in Resources */ = {isa = PBXBuildFile; fileRef = F1EE24F71F1EE35F00AE457D /* Assets.xcassets */; };
		F1EE24FB1F1EE35F00AE457D /* LaunchScreen.storyboard in Resources */ = {isa = PBXBuildFile; fileRef = F1EE24F91F1EE35F00AE457D /* LaunchScreen.storyboard */; };
/* End PBXBuildFile section */

/* Begin PBXFileReference section */
		F19940DC1F201C7C009B64FE /* Task.swift */ = {isa = PBXFileReference; fileEncoding = 4; lastKnownFileType = sourcecode.swift; path = Task.swift; sourceTree = "<group>"; };
		F1EE24EA1F1EE35F00AE457D /* DoIt.app */ = {isa = PBXFileReference; explicitFileType = wrapper.application; includeInIndex = 0; path = DoIt.app; sourceTree = BUILT_PRODUCTS_DIR; };
		F1EE24ED1F1EE35F00AE457D /* AppDelegate.swift */ = {isa = PBXFileReference; lastKnownFileType = sourcecode.swift; path = AppDelegate.swift; sourceTree = "<group>"; };
		F1EE24EF1F1EE35F00AE457D /* ViewController.swift */ = {isa = PBXFileReference; lastKnownFileType = sourcecode.swift; path = ViewController.swift; sourceTree = "<group>"; };
		F1EE24F21F1EE35F00AE457D /* Base */ = {isa = PBXFileReference; lastKnownFileType = file.storyboard; name = Base; path = Base.lproj/Main.storyboard; sourceTree = "<group>"; };
		F1EE24F51F1EE35F00AE457D /* DoIt.xcdatamodel */ = {isa = PBXFileReference; lastKnownFileType = wrapper.xcdatamodel; path = DoIt.xcdatamodel; sourceTree = "<group>"; };
		F1EE24F71F1EE35F00AE457D /* Assets.xcassets */ = {isa = PBXFileReference; lastKnownFileType = folder.assetcatalog; path = Assets.xcassets; sourceTree = "<group>"; };
		F1EE24FA1F1EE35F00AE457D /* Base */ = {isa = PBXFileReference; lastKnownFileType = file.storyboard; name = Base; path = Base.lproj/LaunchScreen.storyboard; sourceTree = "<group>"; };
		F1EE24FC1F1EE35F00AE457D /* Info.plist */ = {isa = PBXFileReference; lastKnownFileType = text.plist.xml; path = Info.plist; sourceTree = "<group>"; };
/* End PBXFileReference section */

/* Begin PBXFrameworksBuildPhase section */
		F1EE24E71F1EE35F00AE457D /* Frameworks */ = {
			isa = PBXFrameworksBuildPhase;
			buildActionMask = 2147483647;
			files = (
			);
			runOnlyForDeploymentPostprocessing = 0;
		};
/* End PBXFrameworksBuildPhase section */

/* Begin PBXGroup section */
		F1EE24E11F1EE35F00AE457D = {
			isa = PBXGroup;
			children = (
				F1EE24EC1F1EE35F00AE457D /* DoIt */,
				F1EE24EB1F1EE35F00AE457D /* Products */,
			);
			sourceTree = "<group>";
		};
		F1EE24EB1F1EE35F00AE457D /* Products */ = {
			isa = PBXGroup;
			children = (
				F1EE24EA1F1EE35F00AE457D /* DoIt.app */,
			);
			name = Products;
			sourceTree = "<group>";
		};
		F1EE24EC1F1EE35F00AE457D /* DoIt */ = {
			isa = PBXGroup;
			children = (
				F1EE24ED1F1EE35F00AE457D /* AppDelegate.swift */,
				F1EE24EF1F1EE35F00AE457D /* ViewController.swift */,
				F19940DC1F201C7C009B64FE /* Task.swift */,
				F1EE24F11F1EE35F00AE457D /* Main.storyboard */,
				F1EE24F71F1EE35F00AE457D /* Assets.xcassets */,
				F1EE24F91F1EE35F00AE457D /* LaunchScreen.storyboard */,
				F1EE24FC1F1EE35F00AE457D /* Info.plist */,
				F1EE24F41F1EE35F00AE457D /* DoIt.xcdatamodeld */,
			);
			path = DoIt;
			sourceTree = "<group>";
		};
/* End PBXGroup section */

/* Begin PBXNativeTarget section */
		F1EE24E91F1EE35F00AE457D /* DoIt */ = {
			isa = PBXNativeTarget;
			buildConfigurationList = F1EE24FF1F1EE35F00AE457D /* Build configuration list for PBXNativeTarget "DoIt" */;
			buildPhases = (
				F1EE24E61F1EE35F00AE457D /* Sources */,
				F1EE24E71F1EE35F00AE457D /* Frameworks */,
				F1EE24E81F1EE35F00AE457D /* Resources */,
			);
			buildRules = (
			);
			dependencies = (
			);
			name = DoIt;
			productName = DoIt;
			productReference = F1EE24EA1F1EE35F00AE457D /* DoIt.app */;
			productType = "com.apple.product-type.application";
		};
/* End PBXNativeTarget section */

/* Begin PBXProject section */
		F1EE24E21F1EE35F00AE457D /* Project object */ = {
			isa = PBXProject;
			attributes = {
				LastSwiftUpdateCheck = 0830;
				LastUpgradeCheck = 0830;
				ORGANIZATIONNAME = "Pavel Mamichev";
				TargetAttributes = {
					F1EE24E91F1EE35F00AE457D = {
						CreatedOnToolsVersion = 8.3.3;
						ProvisioningStyle = Automatic;
					};
				};
			};
			buildConfigurationList = F1EE24E51F1EE35F00AE457D /* Build configuration list for PBXProject "DoIt" */;
			compatibilityVersion = "Xcode 3.2";
			developmentRegion = English;
			hasScannedForEncodings = 0;
			knownRegions = (
				en,
				Base,
			);
			mainGroup = F1EE24E11F1EE35F00AE457D;
			productRefGroup = F1EE24EB1F1EE35F00AE457D /* Products */;
			projectDirPath = "";
			projectRoot = "";
			targets = (
				F1EE24E91F1EE35F00AE457D /* DoIt */,
			);
		};
/* End PBXProject section */

/* Begin PBXResourcesBuildPhase section */
		F1EE24E81F1EE35F00AE457D /* Resources */ = {
			isa = PBXResourcesBuildPhase;
			buildActionMask = 2147483647;
			files = (
				F1EE24FB1F1EE35F00AE457D /* LaunchScreen.storyboard in Resources */,
				F1EE24F81F1EE35F00AE457D /* Assets.xcassets in Resources */,
				F1EE24F31F1EE35F00AE457D /* Main.storyboard in Resources */,
			);
			runOnlyForDeploymentPostprocessing = 0;
		};
/* End PBXResourcesBuildPhase section */

/* Begin PBXSourcesBuildPhase section */
		F1EE24E61F1EE35F00AE457D /* Sources */ = {
			isa = PBXSourcesBuildPhase;
			buildActionMask = 2147483647;
			files = (
				F19940DD1F201C7C009B64FE /* Task.swift in Sources */,
				F1EE24F61F1EE35F00AE457D /* DoIt.xcdatamodeld in Sources */,
				F1EE24F01F1EE35F00AE457D /* ViewController.swift in Sources */,
				F1EE24EE1F1EE35F00AE457D /* AppDelegate.swift in Sources */,
			);
			runOnlyForDeploymentPostprocessing = 0;
		};
/* End PBXSourcesBuildPhase section */

/* Begin PBXVariantGroup section */
		F1EE24F11F1EE35F00AE457D /* Main.storyboard */ = {
			isa = PBXVariantGroup;
			children = (
				F1EE24F21F1EE35F00AE457D /* Base */,
			);
			name = Main.storyboard;
			sourceTree = "<group>";
		};
		F1EE24F91F1EE35F00AE457D /* LaunchScreen.storyboard */ = {
			isa = PBXVariantGroup;
			children = (
				F1EE24FA1F1EE35F00AE457D /* Base */,
			);
			name = LaunchScreen.storyboard;
			sourceTree = "<group>";
		};
/* End PBXVariantGroup section */

/* Begin XCBuildConfiguration section */
		F1EE24FD1F1EE35F00AE457D /* Debug */ = {
			isa = XCBuildConfiguration;
			buildSettings = {
				ALWAYS_SEARCH_USER_PATHS = NO;
				CLANG_ANALYZER_NONNULL = YES;
				CLANG_ANALYZER_NUMBER_OBJECT_CONVERSION = YES_AGGRESSIVE;
				CLANG_CXX_LANGUAGE_STANDARD = "gnu++0x";
				CLANG_CXX_LIBRARY = "libc++";
				CLANG_ENABLE_MODULES = YES;
				CLANG_ENABLE_OBJC_ARC = YES;
				CLANG_WARN_BOOL_CONVERSION = YES;
				CLANG_WARN_CONSTANT_CONVERSION = YES;
				CLANG_WARN_DIRECT_OBJC_ISA_USAGE = YES_ERROR;
				CLANG_WARN_DOCUMENTATION_COMMENTS = YES;
				CLANG_WARN_EMPTY_BODY = YES;
				CLANG_WARN_ENUM_CONVERSION = YES;
				CLANG_WARN_INFINITE_RECURSION = YES;
				CLANG_WARN_INT_CONVERSION = YES;
				CLANG_WARN_OBJC_ROOT_CLASS = YES_ERROR;
				CLANG_WARN_SUSPICIOUS_MOVE = YES;
				CLANG_WARN_UNREACHABLE_CODE = YES;
				CLANG_WARN__DUPLICATE_METHOD_MATCH = YES;
				"CODE_SIGN_IDENTITY[sdk=iphoneos*]" = "iPhone Developer";
				COPY_PHASE_STRIP = NO;
				DEBUG_INFORMATION_FORMAT = dwarf;
				ENABLE_STRICT_OBJC_MSGSEND = YES;
				ENABLE_TESTABILITY = YES;
				GCC_C_LANGUAGE_STANDARD = gnu99;
				GCC_DYNAMIC_NO_PIC = NO;
				GCC_NO_COMMON_BLOCKS = YES;
				GCC_OPTIMIZATION_LEVEL = 0;
				GCC_PREPROCESSOR_DEFINITIONS = (
					"DEBUG=1",
					"$(inherited)",
				);
				GCC_WARN_64_TO_32_BIT_CONVERSION = YES;
				GCC_WARN_ABOUT_RETURN_TYPE = YES_ERROR;
				GCC_WARN_UNDECLARED_SELECTOR = YES;
				GCC_WARN_UNINITIALIZED_AUTOS = YES_AGGRESSIVE;
				GCC_WARN_UNUSED_FUNCTION = YES;
				GCC_WARN_UNUSED_VARIABLE = YES;
				IPHONEOS_DEPLOYMENT_TARGET = 10.3;
				MTL_ENABLE_DEBUG_INFO = YES;
				ONLY_ACTIVE_ARCH = YES;
				SDKROOT = iphoneos;
				SWIFT_ACTIVE_COMPILATION_CONDITIONS = DEBUG;
				SWIFT_OPTIMIZATION_LEVEL = "-Onone";
				TARGETED_DEVICE_FAMILY = "1,2";
			};
			name = Debug;
		};
		F1EE24FE1F1EE35F00AE457D /* Release */ = {
			isa = XCBuildConfiguration;
			buildSettings = {
				ALWAYS_SEARCH_USER_PATHS = NO;
				CLANG_ANALYZER_NONNULL = YES;
				CLANG_ANALYZER_NUMBER_OBJECT_CONVERSION = YES_AGGRESSIVE;
				CLANG_CXX_LANGUAGE_STANDARD = "gnu++0x";
				CLANG_CXX_LIBRARY = "libc++";
				CLANG_ENABLE_MODULES = YES;
				CLANG_ENABLE_OBJC_ARC = YES;
				CLANG_WARN_BOOL_CONVERSION = YES;
				CLANG_WARN_CONSTANT_CONVERSION = YES;
				CLANG_WARN_DIRECT_OBJC_ISA_USAGE = YES_ERROR;
				CLANG_WARN_DOCUMENTATION_COMMENTS = YES;
				CLANG_WARN_EMPTY_BODY = YES;
				CLANG_WARN_ENUM_CONVERSION = YES;
				CLANG_WARN_INFINITE_RECURSION = YES;
				CLANG_WARN_INT_CONVERSION = YES;
				CLANG_WARN_OBJC_ROOT_CLASS = YES_ERROR;
				CLANG_WARN_SUSPICIOUS_MOVE = YES;
				CLANG_WARN_UNREACHABLE_CODE = YES;
				CLANG_WARN__DUPLICATE_METHOD_MATCH = YES;
				"CODE_SIGN_IDENTITY[sdk=iphoneos*]" = "iPhone Developer";
				COPY_PHASE_STRIP = NO;
				DEBUG_INFORMATION_FORMAT = "dwarf-with-dsym";
				ENABLE_NS_ASSERTIONS = NO;
				ENABLE_STRICT_OBJC_MSGSEND = YES;
				GCC_C_LANGUAGE_STANDARD = gnu99;
				GCC_NO_COMMON_BLOCKS = YES;
				GCC_WARN_64_TO_32_BIT_CONVERSION = YES;
				GCC_WARN_ABOUT_RETURN_TYPE = YES_ERROR;
				GCC_WARN_UNDECLARED_SELECTOR = YES;
				GCC_WARN_UNINITIALIZED_AUTOS = YES_AGGRESSIVE;
				GCC_WARN_UNUSED_FUNCTION = YES;
				GCC_WARN_UNUSED_VARIABLE = YES;
				IPHONEOS_DEPLOYMENT_TARGET = 10.3;
				MTL_ENABLE_DEBUG_INFO = NO;
				SDKROOT = iphoneos;
				SWIFT_OPTIMIZATION_LEVEL = "-Owholemodule";
				TARGETED_DEVICE_FAMILY = "1,2";
				VALIDATE_PRODUCT = YES;
			};
			name = Release;
		};
		F1EE25001F1EE35F00AE457D /* Debug */ = {
			isa = XCBuildConfiguration;
			buildSettings = {
				ASSETCATALOG_COMPILER_APPICON_NAME = AppIcon;
				INFOPLIST_FILE = DoIt/Info.plist;
				LD_RUNPATH_SEARCH_PATHS = "$(inherited) @executable_path/Frameworks";
				PRODUCT_BUNDLE_IDENTIFIER = com.pavelm.DoIt;
				PRODUCT_NAME = "$(TARGET_NAME)";
				SWIFT_VERSION = 3.0;
			};
			name = Debug;
		};
		F1EE25011F1EE35F00AE457D /* Release */ = {
			isa = XCBuildConfiguration;
			buildSettings = {
				ASSETCATALOG_COMPILER_APPICON_NAME = AppIcon;
				INFOPLIST_FILE = DoIt/Info.plist;
				LD_RUNPATH_SEARCH_PATHS = "$(inherited) @executable_path/Frameworks";
				PRODUCT_BUNDLE_IDENTIFIER = com.pavelm.DoIt;
				PRODUCT_NAME = "$(TARGET_NAME)";
				SWIFT_VERSION = 3.0;
			};
			name = Release;
		};
/* End XCBuildConfiguration section */

/* Begin XCConfigurationList section */
		F1EE24E51F1EE35F00AE457D /* Build configuration list for PBXProject "DoIt" */ = {
			isa = XCConfigurationList;
			buildConfigurations = (
				F1EE24FD1F1EE35F00AE457D /* Debug */,
				F1EE24FE1F1EE35F00AE457D /* Release */,
			);
			defaultConfigurationIsVisible = 0;
			defaultConfigurationName = Release;
		};
		F1EE24FF1F1EE35F00AE457D /* Build configuration list for PBXNativeTarget "DoIt" */ = {
			isa = XCConfigurationList;
			buildConfigurations = (
				F1EE25001F1EE35F00AE457D /* Debug */,
				F1EE25011F1EE35F00AE457D /* Release */,
			);
			defaultConfigurationIsVisible = 0;
			defaultConfigurationName = Release;
		};
/* End XCConfigurationList section */

/* Begin XCVersionGroup section */
		F1EE24F41F1EE35F00AE457D /* DoIt.xcdatamodeld */ = {
			isa = XCVersionGroup;
			children = (
				F1EE24F51F1EE35F00AE457D /* DoIt.xcdatamodel */,
			);
			currentVersion = F1EE24F51F1EE35F00AE457D /* DoIt.xcdatamodel */;
			path = DoIt.xcdatamodeld;
			sourceTree = "<group>";
			versionGroupType = wrapper.xcdatamodel;
		};
/* End XCVersionGroup section */
	};
	rootObject = F1EE24E21F1EE35F00AE457D /* Project object */;
}
